
Microsoft Visual Studio Solution File, Format Version 12.00
# Visual Studio Version 16
VisualStudioVersion = 16.0.810.17
MinimumVisualStudioVersion = 10.0.40219.1
Project("{FAE04EC0-301F-11D3-BF4B-00C04F79EFBC}") = "Lesson_3.1", "Lesson_3.1\Lesson_3.1.csproj", "{0A9D5585-6F02-41B8-A008-ABC886504443}"
EndProject
Global
	GlobalSection(SolutionConfigurationPlatforms) = preSolution
		Debug|anycpu = Debug|anycpu
		Release|anycpu = Release|anycpu
	EndGlobalSection
	GlobalSection(ProjectConfigurationPlatforms) = postSolution
		{0A9D5585-6F02-41B8-A008-ABC886504443}.Debug|anycpu.ActiveCfg = Debug|anycpu
		{0A9D5585-6F02-41B8-A008-ABC886504443}.Debug|anycpu.Build.0 = Debug|anycpu
		{0A9D5585-6F02-41B8-A008-ABC886504443}.Release|anycpu.ActiveCfg = Release|anycpu
		{0A9D5585-6F02-41B8-A008-ABC886504443}.Release|anycpu.Build.0 = Release|anycpu
	EndGlobalSection
	GlobalSection(SolutionProperties) = preSolution
		HideSolutionNode = FALSE
	EndGlobalSection
	GlobalSection(ExtensibilityGlobals) = postSolution
		SolutionGuid = {0717DC4D-00E1-4F00-9D1C-3012ADD1D7F7}
	EndGlobalSection
EndGlobal
